
Microsoft Visual Studio Solution File, Format Version 12.00
# Visual Studio Version 17
VisualStudioVersion = 17.7.34018.315
MinimumVisualStudioVersion = 10.0.40219.1
Project("{FAE04EC0-301F-11D3-BF4B-00C04F79EFBC}") = "04_ClassesAndLists", "04_ClassesAndLists\04_ClassesAndLists.csproj", "{D7FFFF95-ED1E-49EF-8F3C-BBF6E7E83EB6}"
EndProject
Global
	GlobalSection(SolutionConfigurationPlatforms) = preSolution
		Debug|Any CPU = Debug|Any CPU
		Release|Any CPU = Release|Any CPU
	EndGlobalSection
	GlobalSection(ProjectConfigurationPlatforms) = postSolution
		{D7FFFF95-ED1E-49EF-8F3C-BBF6E7E83EB6}.Debug|Any CPU.ActiveCfg = Debug|Any CPU
		{D7FFFF95-ED1E-49EF-8F3C-BBF6E7E83EB6}.Debug|Any CPU.Build.0 = Debug|Any CPU
		{D7FFFF95-ED1E-49EF-8F3C-BBF6E7E83EB6}.Release|Any CPU.ActiveCfg = Release|Any CPU
		{D7FFFF95-ED1E-49EF-8F3C-BBF6E7E83EB6}.Release|Any CPU.Build.0 = Release|Any CPU
	EndGlobalSection
	GlobalSection(SolutionProperties) = preSolution
		HideSolutionNode = FALSE
	EndGlobalSection
	GlobalSection(ExtensibilityGlobals) = postSolution
		SolutionGuid = {F4A10C27-C589-442D-906F-E7075BA83778}
	EndGlobalSection
EndGlobal
