
Microsoft Visual Studio Solution File, Format Version 12.00
# Visual Studio Version 17
VisualStudioVersion = 17.7.34031.279
MinimumVisualStudioVersion = 10.0.40219.1
Project("{FAE04EC0-301F-11D3-BF4B-00C04F79EFBC}") = "01_Enums", "01_Enums\01_Enums.csproj", "{71585E8F-8078-4B03-8CC2-62348F29C411}"
EndProject
Project("{FAE04EC0-301F-11D3-BF4B-00C04F79EFBC}") = "02_Structs", "02_Structs\02_Structs.csproj", "{20121A6F-3691-402F-8C93-C70E34C73298}"
EndProject
Global
	GlobalSection(SolutionConfigurationPlatforms) = preSolution
		Debug|Any CPU = Debug|Any CPU
		Release|Any CPU = Release|Any CPU
	EndGlobalSection
	GlobalSection(ProjectConfigurationPlatforms) = postSolution
		{71585E8F-8078-4B03-8CC2-62348F29C411}.Debug|Any CPU.ActiveCfg = Debug|Any CPU
		{71585E8F-8078-4B03-8CC2-62348F29C411}.Debug|Any CPU.Build.0 = Debug|Any CPU
		{71585E8F-8078-4B03-8CC2-62348F29C411}.Release|Any CPU.ActiveCfg = Release|Any CPU
		{71585E8F-8078-4B03-8CC2-62348F29C411}.Release|Any CPU.Build.0 = Release|Any CPU
		{20121A6F-3691-402F-8C93-C70E34C73298}.Debug|Any CPU.ActiveCfg = Debug|Any CPU
		{20121A6F-3691-402F-8C93-C70E34C73298}.Debug|Any CPU.Build.0 = Debug|Any CPU
		{20121A6F-3691-402F-8C93-C70E34C73298}.Release|Any CPU.ActiveCfg = Release|Any CPU
		{20121A6F-3691-402F-8C93-C70E34C73298}.Release|Any CPU.Build.0 = Release|Any CPU
	EndGlobalSection
	GlobalSection(SolutionProperties) = preSolution
		HideSolutionNode = FALSE
	EndGlobalSection
	GlobalSection(ExtensibilityGlobals) = postSolution
		SolutionGuid = {7474819B-2FFE-46B0-AE81-8C9989B6E476}
	EndGlobalSection
EndGlobal
