
Microsoft Visual Studio Solution File, Format Version 12.00
# Visual Studio Version 17
VisualStudioVersion = 17.7.34018.315
MinimumVisualStudioVersion = 10.0.40219.1
Project("{FAE04EC0-301F-11D3-BF4B-00C04F79EFBC}") = "02_namingConventions", "02_namingConventions\02_namingConventions.csproj", "{2B9100B8-9168-4DE3-9DFF-6A72E5EE24FB}"
EndProject
Global
	GlobalSection(SolutionConfigurationPlatforms) = preSolution
		Debug|Any CPU = Debug|Any CPU
		Release|Any CPU = Release|Any CPU
	EndGlobalSection
	GlobalSection(ProjectConfigurationPlatforms) = postSolution
		{2B9100B8-9168-4DE3-9DFF-6A72E5EE24FB}.Debug|Any CPU.ActiveCfg = Debug|Any CPU
		{2B9100B8-9168-4DE3-9DFF-6A72E5EE24FB}.Debug|Any CPU.Build.0 = Debug|Any CPU
		{2B9100B8-9168-4DE3-9DFF-6A72E5EE24FB}.Release|Any CPU.ActiveCfg = Release|Any CPU
		{2B9100B8-9168-4DE3-9DFF-6A72E5EE24FB}.Release|Any CPU.Build.0 = Release|Any CPU
	EndGlobalSection
	GlobalSection(SolutionProperties) = preSolution
		HideSolutionNode = FALSE
	EndGlobalSection
	GlobalSection(ExtensibilityGlobals) = postSolution
		SolutionGuid = {9B9D4F8B-7DAF-424F-9B05-F923EF1BDB9C}
	EndGlobalSection
EndGlobal
