
Microsoft Visual Studio Solution File, Format Version 12.00
# Visual Studio Version 17
VisualStudioVersion = 17.7.34018.315
MinimumVisualStudioVersion = 10.0.40219.1
Project("{9A19103F-16F7-4668-BE54-9A1E7A4F7556}") = "01_Classes", "01_Classes\01_Classes.csproj", "{6328BCBE-5C60-453F-9B25-FF8D02EA13B2}"
EndProject
Project("{9A19103F-16F7-4668-BE54-9A1E7A4F7556}") = "02_Classes_GettersAndSetters", "02_Classes_GettersAndSetters\02_Classes_GettersAndSetters.csproj", "{BB10841C-6070-4334-B1B7-4608CF92BB5A}"
EndProject
Project("{FAE04EC0-301F-11D3-BF4B-00C04F79EFBC}") = "03_Classes_Constructors", "03_Classes_Constructors\03_Classes_Constructors.csproj", "{715CF790-9581-48DF-946E-E13AC72C080E}"
EndProject
Project("{FAE04EC0-301F-11D3-BF4B-00C04F79EFBC}") = "05_Classes_Inheritance", "05_Classes_Inheritance\05_Classes_Inheritance.csproj", "{A58A683E-A9D9-4130-B3D6-B3E2F50284AF}"
EndProject
Global
	GlobalSection(SolutionConfigurationPlatforms) = preSolution
		Debug|Any CPU = Debug|Any CPU
		Release|Any CPU = Release|Any CPU
	EndGlobalSection
	GlobalSection(ProjectConfigurationPlatforms) = postSolution
		{6328BCBE-5C60-453F-9B25-FF8D02EA13B2}.Debug|Any CPU.ActiveCfg = Debug|Any CPU
		{6328BCBE-5C60-453F-9B25-FF8D02EA13B2}.Debug|Any CPU.Build.0 = Debug|Any CPU
		{6328BCBE-5C60-453F-9B25-FF8D02EA13B2}.Release|Any CPU.ActiveCfg = Release|Any CPU
		{6328BCBE-5C60-453F-9B25-FF8D02EA13B2}.Release|Any CPU.Build.0 = Release|Any CPU
		{BB10841C-6070-4334-B1B7-4608CF92BB5A}.Debug|Any CPU.ActiveCfg = Debug|Any CPU
		{BB10841C-6070-4334-B1B7-4608CF92BB5A}.Debug|Any CPU.Build.0 = Debug|Any CPU
		{BB10841C-6070-4334-B1B7-4608CF92BB5A}.Release|Any CPU.ActiveCfg = Release|Any CPU
		{BB10841C-6070-4334-B1B7-4608CF92BB5A}.Release|Any CPU.Build.0 = Release|Any CPU
		{715CF790-9581-48DF-946E-E13AC72C080E}.Debug|Any CPU.ActiveCfg = Debug|Any CPU
		{715CF790-9581-48DF-946E-E13AC72C080E}.Debug|Any CPU.Build.0 = Debug|Any CPU
		{715CF790-9581-48DF-946E-E13AC72C080E}.Release|Any CPU.ActiveCfg = Release|Any CPU
		{715CF790-9581-48DF-946E-E13AC72C080E}.Release|Any CPU.Build.0 = Release|Any CPU
		{A58A683E-A9D9-4130-B3D6-B3E2F50284AF}.Debug|Any CPU.ActiveCfg = Debug|Any CPU
		{A58A683E-A9D9-4130-B3D6-B3E2F50284AF}.Debug|Any CPU.Build.0 = Debug|Any CPU
		{A58A683E-A9D9-4130-B3D6-B3E2F50284AF}.Release|Any CPU.ActiveCfg = Release|Any CPU
		{A58A683E-A9D9-4130-B3D6-B3E2F50284AF}.Release|Any CPU.Build.0 = Release|Any CPU
	EndGlobalSection
	GlobalSection(SolutionProperties) = preSolution
		HideSolutionNode = FALSE
	EndGlobalSection
	GlobalSection(ExtensibilityGlobals) = postSolution
		SolutionGuid = {DE01DE37-9B35-47AF-8BF2-4D8964E20301}
	EndGlobalSection
EndGlobal
