
Microsoft Visual Studio Solution File, Format Version 12.00
# Visual Studio Version 17
VisualStudioVersion = 17.7.34031.279
MinimumVisualStudioVersion = 10.0.40219.1
Project("{FAE04EC0-301F-11D3-BF4B-00C04F79EFBC}") = "01_Exercise", "01_Exercise\01_Exercise.csproj", "{D0141CD0-C7CD-489E-ADA5-B2F6C2586824}"
EndProject
Global
	GlobalSection(SolutionConfigurationPlatforms) = preSolution
		Debug|Any CPU = Debug|Any CPU
		Release|Any CPU = Release|Any CPU
	EndGlobalSection
	GlobalSection(ProjectConfigurationPlatforms) = postSolution
		{D0141CD0-C7CD-489E-ADA5-B2F6C2586824}.Debug|Any CPU.ActiveCfg = Debug|Any CPU
		{D0141CD0-C7CD-489E-ADA5-B2F6C2586824}.Debug|Any CPU.Build.0 = Debug|Any CPU
		{D0141CD0-C7CD-489E-ADA5-B2F6C2586824}.Release|Any CPU.ActiveCfg = Release|Any CPU
		{D0141CD0-C7CD-489E-ADA5-B2F6C2586824}.Release|Any CPU.Build.0 = Release|Any CPU
	EndGlobalSection
	GlobalSection(SolutionProperties) = preSolution
		HideSolutionNode = FALSE
	EndGlobalSection
	GlobalSection(ExtensibilityGlobals) = postSolution
		SolutionGuid = {94F2F077-D744-4952-A0DF-DE556E7BBC2D}
	EndGlobalSection
EndGlobal
